// !$*UTF8*$!
{
	archiveVersion = 1;
	classes = {
	};
	objectVersion = 56;
	objects = {

/* Begin PBXBuildFile section */
		3D3A34D46AB9444E34EBFA30 /* Pods_BeerApp.framework in Frameworks */ = {isa = PBXBuildFile; fileRef = 8599FA6D01B5027BFFB9CCF9 /* Pods_BeerApp.framework */; };
		C62380D529E9A128004B7091 /* AppDelegate.swift in Sources */ = {isa = PBXBuildFile; fileRef = C62380D429E9A128004B7091 /* AppDelegate.swift */; };
		C62380D729E9A128004B7091 /* SceneDelegate.swift in Sources */ = {isa = PBXBuildFile; fileRef = C62380D629E9A128004B7091 /* SceneDelegate.swift */; };
		C62380DC29E9A128004B7091 /* Main.storyboard in Resources */ = {isa = PBXBuildFile; fileRef = C62380DA29E9A128004B7091 /* Main.storyboard */; };
		C62380DE29E9A12A004B7091 /* Assets.xcassets in Resources */ = {isa = PBXBuildFile; fileRef = C62380DD29E9A12A004B7091 /* Assets.xcassets */; };
		C62380E129E9A12A004B7091 /* LaunchScreen.storyboard in Resources */ = {isa = PBXBuildFile; fileRef = C62380DF29E9A12A004B7091 /* LaunchScreen.storyboard */; };
		C62380F229EB2EBA004B7091 /* SplashViewController.swift in Sources */ = {isa = PBXBuildFile; fileRef = C62380F129EB2EBA004B7091 /* SplashViewController.swift */; };
		C62380F429EB2ED5004B7091 /* SplashModueAssembler.swift in Sources */ = {isa = PBXBuildFile; fileRef = C62380F329EB2ED5004B7091 /* SplashModueAssembler.swift */; };
		C62380F629EB2EE3004B7091 /* SplashPresenter.swift in Sources */ = {isa = PBXBuildFile; fileRef = C62380F529EB2EE3004B7091 /* SplashPresenter.swift */; };
		C639BEE829F326B7001804B1 /* ModuleFactory.swift in Sources */ = {isa = PBXBuildFile; fileRef = C639BEE729F326B7001804B1 /* ModuleFactory.swift */; };
		C639BEEB29F327D5001804B1 /* Coordinator.swift in Sources */ = {isa = PBXBuildFile; fileRef = C639BEEA29F327D5001804B1 /* Coordinator.swift */; };
		C639BEED29F3288A001804B1 /* Constants.swift in Sources */ = {isa = PBXBuildFile; fileRef = C639BEEC29F3288A001804B1 /* Constants.swift */; };
		C63B5CB82A0285EF00B08E76 /* Fonts.swift in Sources */ = {isa = PBXBuildFile; fileRef = C63B5CB72A0285EF00B08E76 /* Fonts.swift */; };
		C6FC350D2A052A2A001A5C57 /* UIColor+AppColors.swift in Sources */ = {isa = PBXBuildFile; fileRef = C6FC350C2A052A2A001A5C57 /* UIColor+AppColors.swift */; };
		C6FC35102A052A84001A5C57 /* UIColor+Hex.swift in Sources */ = {isa = PBXBuildFile; fileRef = C6FC350F2A052A84001A5C57 /* UIColor+Hex.swift */; };
/* End PBXBuildFile section */

/* Begin PBXFileReference section */
		5BE5A1DD555F22182F643B90 /* Pods-BeerApp.debug.xcconfig */ = {isa = PBXFileReference; includeInIndex = 1; lastKnownFileType = text.xcconfig; name = "Pods-BeerApp.debug.xcconfig"; path = "Target Support Files/Pods-BeerApp/Pods-BeerApp.debug.xcconfig"; sourceTree = "<group>"; };
		8599FA6D01B5027BFFB9CCF9 /* Pods_BeerApp.framework */ = {isa = PBXFileReference; explicitFileType = wrapper.framework; includeInIndex = 0; path = Pods_BeerApp.framework; sourceTree = BUILT_PRODUCTS_DIR; };
		C62380D129E9A128004B7091 /* BeerApp.app */ = {isa = PBXFileReference; explicitFileType = wrapper.application; includeInIndex = 0; path = BeerApp.app; sourceTree = BUILT_PRODUCTS_DIR; };
		C62380D429E9A128004B7091 /* AppDelegate.swift */ = {isa = PBXFileReference; lastKnownFileType = sourcecode.swift; path = AppDelegate.swift; sourceTree = "<group>"; };
		C62380D629E9A128004B7091 /* SceneDelegate.swift */ = {isa = PBXFileReference; lastKnownFileType = sourcecode.swift; path = SceneDelegate.swift; sourceTree = "<group>"; };
		C62380DB29E9A128004B7091 /* Base */ = {isa = PBXFileReference; lastKnownFileType = file.storyboard; name = Base; path = Base.lproj/Main.storyboard; sourceTree = "<group>"; };
		C62380DD29E9A12A004B7091 /* Assets.xcassets */ = {isa = PBXFileReference; lastKnownFileType = folder.assetcatalog; path = Assets.xcassets; sourceTree = "<group>"; };
		C62380E029E9A12A004B7091 /* Base */ = {isa = PBXFileReference; lastKnownFileType = file.storyboard; name = Base; path = Base.lproj/LaunchScreen.storyboard; sourceTree = "<group>"; };
		C62380E229E9A12A004B7091 /* Info.plist */ = {isa = PBXFileReference; lastKnownFileType = text.plist.xml; path = Info.plist; sourceTree = "<group>"; };
		C62380F129EB2EBA004B7091 /* SplashViewController.swift */ = {isa = PBXFileReference; lastKnownFileType = sourcecode.swift; path = SplashViewController.swift; sourceTree = "<group>"; };
		C62380F329EB2ED5004B7091 /* SplashModueAssembler.swift */ = {isa = PBXFileReference; lastKnownFileType = sourcecode.swift; path = SplashModueAssembler.swift; sourceTree = "<group>"; };
		C62380F529EB2EE3004B7091 /* SplashPresenter.swift */ = {isa = PBXFileReference; lastKnownFileType = sourcecode.swift; path = SplashPresenter.swift; sourceTree = "<group>"; };
		C639BEE729F326B7001804B1 /* ModuleFactory.swift */ = {isa = PBXFileReference; lastKnownFileType = sourcecode.swift; path = ModuleFactory.swift; sourceTree = "<group>"; };
		C639BEEA29F327D5001804B1 /* Coordinator.swift */ = {isa = PBXFileReference; lastKnownFileType = sourcecode.swift; path = Coordinator.swift; sourceTree = "<group>"; };
		C639BEEC29F3288A001804B1 /* Constants.swift */ = {isa = PBXFileReference; lastKnownFileType = sourcecode.swift; path = Constants.swift; sourceTree = "<group>"; };
		C63B5CB72A0285EF00B08E76 /* Fonts.swift */ = {isa = PBXFileReference; lastKnownFileType = sourcecode.swift; path = Fonts.swift; sourceTree = "<group>"; };
		C6FC350C2A052A2A001A5C57 /* UIColor+AppColors.swift */ = {isa = PBXFileReference; lastKnownFileType = sourcecode.swift; path = "UIColor+AppColors.swift"; sourceTree = "<group>"; };
		C6FC350F2A052A84001A5C57 /* UIColor+Hex.swift */ = {isa = PBXFileReference; lastKnownFileType = sourcecode.swift; path = "UIColor+Hex.swift"; sourceTree = "<group>"; };
		E2DF8C3176C98B6896C12F4B /* Pods-BeerApp.release.xcconfig */ = {isa = PBXFileReference; includeInIndex = 1; lastKnownFileType = text.xcconfig; name = "Pods-BeerApp.release.xcconfig"; path = "Target Support Files/Pods-BeerApp/Pods-BeerApp.release.xcconfig"; sourceTree = "<group>"; };
/* End PBXFileReference section */

/* Begin PBXFrameworksBuildPhase section */
		C62380CE29E9A128004B7091 /* Frameworks */ = {
			isa = PBXFrameworksBuildPhase;
			buildActionMask = 2147483647;
			files = (
				3D3A34D46AB9444E34EBFA30 /* Pods_BeerApp.framework in Frameworks */,
			);
			runOnlyForDeploymentPostprocessing = 0;
		};
/* End PBXFrameworksBuildPhase section */

/* Begin PBXGroup section */
		C39268CF9059088C7EB8B094 /* Pods */ = {
			isa = PBXGroup;
			children = (
				5BE5A1DD555F22182F643B90 /* Pods-BeerApp.debug.xcconfig */,
				E2DF8C3176C98B6896C12F4B /* Pods-BeerApp.release.xcconfig */,
			);
			path = Pods;
			sourceTree = "<group>";
		};
		C62380C829E9A128004B7091 = {
			isa = PBXGroup;
			children = (
				C62380D329E9A128004B7091 /* BeerApp */,
				C62380D229E9A128004B7091 /* Products */,
				C39268CF9059088C7EB8B094 /* Pods */,
				EB1DB8CF8E9C4B40C536F244 /* Frameworks */,
			);
			sourceTree = "<group>";
		};
		C62380D229E9A128004B7091 /* Products */ = {
			isa = PBXGroup;
			children = (
				C62380D129E9A128004B7091 /* BeerApp.app */,
			);
			name = Products;
			sourceTree = "<group>";
		};
		C62380D329E9A128004B7091 /* BeerApp */ = {
			isa = PBXGroup;
			children = (
				C62380E229E9A12A004B7091 /* Info.plist */,
				C62380E929EB21B5004B7091 /* Sourse */,
				C62380E829E9A2BE004B7091 /* Resource */,
				C62380DA29E9A128004B7091 /* Main.storyboard */,
			);
			path = BeerApp;
			sourceTree = "<group>";
		};
		C62380E829E9A2BE004B7091 /* Resource */ = {
			isa = PBXGroup;
			children = (
				C62380DD29E9A12A004B7091 /* Assets.xcassets */,
				C62380DF29E9A12A004B7091 /* LaunchScreen.storyboard */,
				C63B5CB72A0285EF00B08E76 /* Fonts.swift */,
			);
			path = Resource;
			sourceTree = "<group>";
		};
		C62380E929EB21B5004B7091 /* Sourse */ = {
			isa = PBXGroup;
			children = (
				C62380EA29EB2CF7004B7091 /* Infrastructure */,
				C62380EB29EB2D0F004B7091 /* Features */,
				C62380EC29EB2D1B004B7091 /* Presentation */,
			);
			path = Sourse;
			sourceTree = "<group>";
		};
		C62380EA29EB2CF7004B7091 /* Infrastructure */ = {
			isa = PBXGroup;
			children = (
				C639BEE629F3269C001804B1 /* Factories */,
				C639BEE529F3265A001804B1 /* Extensions */,
				C62380ED29EB2D6C004B7091 /* Application */,
				C639BEEC29F3288A001804B1 /* Constants.swift */,
			);
			path = Infrastructure;
			sourceTree = "<group>";
		};
		C62380EB29EB2D0F004B7091 /* Features */ = {
			isa = PBXGroup;
			children = (
			);
			path = Features;
			sourceTree = "<group>";
		};
		C62380EC29EB2D1B004B7091 /* Presentation */ = {
			isa = PBXGroup;
			children = (
				C62380EF29EB2DCB004B7091 /* Modules */,
				C639BEEA29F327D5001804B1 /* Coordinator.swift */,
			);
			path = Presentation;
			sourceTree = "<group>";
		};
		C62380ED29EB2D6C004B7091 /* Application */ = {
			isa = PBXGroup;
			children = (
				C62380D429E9A128004B7091 /* AppDelegate.swift */,
				C62380D629E9A128004B7091 /* SceneDelegate.swift */,
			);
			path = Application;
			sourceTree = "<group>";
		};
		C62380EF29EB2DCB004B7091 /* Modules */ = {
			isa = PBXGroup;
			children = (
				C62380F029EB2DFD004B7091 /* Splash */,
			);
			path = Modules;
			sourceTree = "<group>";
		};
		C62380F029EB2DFD004B7091 /* Splash */ = {
			isa = PBXGroup;
			children = (
				C62380F129EB2EBA004B7091 /* SplashViewController.swift */,
				C62380F329EB2ED5004B7091 /* SplashModueAssembler.swift */,
				C62380F529EB2EE3004B7091 /* SplashPresenter.swift */,
			);
			path = Splash;
			sourceTree = "<group>";
		};
		C639BEE529F3265A001804B1 /* Extensions */ = {
			isa = PBXGroup;
			children = (
				C6FC350C2A052A2A001A5C57 /* UIColor+AppColors.swift */,
				C6FC350F2A052A84001A5C57 /* UIColor+Hex.swift */,
			);
			path = Extensions;
			sourceTree = "<group>";
		};
		C639BEE629F3269C001804B1 /* Factories */ = {
			isa = PBXGroup;
			children = (
				C639BEE729F326B7001804B1 /* ModuleFactory.swift */,
			);
			path = Factories;
			sourceTree = "<group>";
		};
		EB1DB8CF8E9C4B40C536F244 /* Frameworks */ = {
			isa = PBXGroup;
			children = (
				8599FA6D01B5027BFFB9CCF9 /* Pods_BeerApp.framework */,
			);
			name = Frameworks;
			sourceTree = "<group>";
		};
/* End PBXGroup section */

/* Begin PBXNativeTarget section */
		C62380D029E9A128004B7091 /* BeerApp */ = {
			isa = PBXNativeTarget;
			buildConfigurationList = C62380E529E9A12A004B7091 /* Build configuration list for PBXNativeTarget "BeerApp" */;
			buildPhases = (
				63081B9084066D56FDF94646 /* [CP] Check Pods Manifest.lock */,
				C62380CD29E9A128004B7091 /* Sources */,
				C62380CE29E9A128004B7091 /* Frameworks */,
				C62380CF29E9A128004B7091 /* Resources */,
				C68D929F29EC804E001DF60E /* ShellScript */,
			);
			buildRules = (
			);
			dependencies = (
			);
			name = BeerApp;
			productName = BeerApp;
			productReference = C62380D129E9A128004B7091 /* BeerApp.app */;
			productType = "com.apple.product-type.application";
		};
/* End PBXNativeTarget section */

/* Begin PBXProject section */
		C62380C929E9A128004B7091 /* Project object */ = {
			isa = PBXProject;
			attributes = {
				BuildIndependentTargetsInParallel = 1;
				LastSwiftUpdateCheck = 1400;
				LastUpgradeCheck = 1400;
				TargetAttributes = {
					C62380D029E9A128004B7091 = {
						CreatedOnToolsVersion = 14.0.1;
					};
				};
			};
			buildConfigurationList = C62380CC29E9A128004B7091 /* Build configuration list for PBXProject "BeerApp" */;
			compatibilityVersion = "Xcode 14.0";
			developmentRegion = en;
			hasScannedForEncodings = 0;
			knownRegions = (
				en,
				Base,
			);
			mainGroup = C62380C829E9A128004B7091;
			productRefGroup = C62380D229E9A128004B7091 /* Products */;
			projectDirPath = "";
			projectRoot = "";
			targets = (
				C62380D029E9A128004B7091 /* BeerApp */,
			);
		};
/* End PBXProject section */

/* Begin PBXResourcesBuildPhase section */
		C62380CF29E9A128004B7091 /* Resources */ = {
			isa = PBXResourcesBuildPhase;
			buildActionMask = 2147483647;
			files = (
				C62380E129E9A12A004B7091 /* LaunchScreen.storyboard in Resources */,
				C62380DE29E9A12A004B7091 /* Assets.xcassets in Resources */,
				C62380DC29E9A128004B7091 /* Main.storyboard in Resources */,
			);
			runOnlyForDeploymentPostprocessing = 0;
		};
/* End PBXResourcesBuildPhase section */

/* Begin PBXShellScriptBuildPhase section */
		63081B9084066D56FDF94646 /* [CP] Check Pods Manifest.lock */ = {
			isa = PBXShellScriptBuildPhase;
			buildActionMask = 2147483647;
			files = (
			);
			inputFileListPaths = (
			);
			inputPaths = (
				"${PODS_PODFILE_DIR_PATH}/Podfile.lock",
				"${PODS_ROOT}/Manifest.lock",
			);
			name = "[CP] Check Pods Manifest.lock";
			outputFileListPaths = (
			);
			outputPaths = (
				"$(DERIVED_FILE_DIR)/Pods-BeerApp-checkManifestLockResult.txt",
			);
			runOnlyForDeploymentPostprocessing = 0;
			shellPath = /bin/sh;
			shellScript = "diff \"${PODS_PODFILE_DIR_PATH}/Podfile.lock\" \"${PODS_ROOT}/Manifest.lock\" > /dev/null\nif [ $? != 0 ] ; then\n    # print error to STDERR\n    echo \"error: The sandbox is not in sync with the Podfile.lock. Run 'pod install' or update your CocoaPods installation.\" >&2\n    exit 1\nfi\n# This output is used by Xcode 'outputs' to avoid re-running this script phase.\necho \"SUCCESS\" > \"${SCRIPT_OUTPUT_FILE_0}\"\n";
			showEnvVarsInLog = 0;
		};
		C68D929F29EC804E001DF60E /* ShellScript */ = {
			isa = PBXShellScriptBuildPhase;
			alwaysOutOfDate = 1;
			buildActionMask = 12;
			files = (
			);
			inputFileListPaths = (
			);
			inputPaths = (
			);
			outputFileListPaths = (
			);
			outputPaths = (
			);
			runOnlyForDeploymentPostprocessing = 0;
			shellPath = /bin/sh;
			shellScript = "if [ -d \"${PODS_ROOT}/SwiftLint\" ]; then\n  \"${PODS_ROOT}/SwiftLint/swiftlint\"\nelse\n  echo \"warning: SwiftLint not installed, download via CocoaPods\"\nfi\n\n\n";
		};
/* End PBXShellScriptBuildPhase section */

/* Begin PBXSourcesBuildPhase section */
		C62380CD29E9A128004B7091 /* Sources */ = {
			isa = PBXSourcesBuildPhase;
			buildActionMask = 2147483647;
			files = (
				C62380D529E9A128004B7091 /* AppDelegate.swift in Sources */,
				C639BEE829F326B7001804B1 /* ModuleFactory.swift in Sources */,
				C639BEEB29F327D5001804B1 /* Coordinator.swift in Sources */,
				C6FC350D2A052A2A001A5C57 /* UIColor+AppColors.swift in Sources */,
				C62380D729E9A128004B7091 /* SceneDelegate.swift in Sources */,
				C62380F429EB2ED5004B7091 /* SplashModueAssembler.swift in Sources */,
				C62380F229EB2EBA004B7091 /* SplashViewController.swift in Sources */,
				C62380F629EB2EE3004B7091 /* SplashPresenter.swift in Sources */,
				C6FC35102A052A84001A5C57 /* UIColor+Hex.swift in Sources */,
				C63B5CB82A0285EF00B08E76 /* Fonts.swift in Sources */,
				C639BEED29F3288A001804B1 /* Constants.swift in Sources */,
			);
			runOnlyForDeploymentPostprocessing = 0;
		};
/* End PBXSourcesBuildPhase section */

/* Begin PBXVariantGroup section */
		C62380DA29E9A128004B7091 /* Main.storyboard */ = {
			isa = PBXVariantGroup;
			children = (
				C62380DB29E9A128004B7091 /* Base */,
			);
			name = Main.storyboard;
			sourceTree = "<group>";
		};
		C62380DF29E9A12A004B7091 /* LaunchScreen.storyboard */ = {
			isa = PBXVariantGroup;
			children = (
				C62380E029E9A12A004B7091 /* Base */,
			);
			name = LaunchScreen.storyboard;
			sourceTree = "<group>";
		};
/* End PBXVariantGroup section */

/* Begin XCBuildConfiguration section */
		C62380E329E9A12A004B7091 /* Debug */ = {
			isa = XCBuildConfiguration;
			buildSettings = {
				ALWAYS_SEARCH_USER_PATHS = NO;
				CLANG_ANALYZER_NONNULL = YES;
				CLANG_ANALYZER_NUMBER_OBJECT_CONVERSION = YES_AGGRESSIVE;
				CLANG_CXX_LANGUAGE_STANDARD = "gnu++20";
				CLANG_ENABLE_MODULES = YES;
				CLANG_ENABLE_OBJC_ARC = YES;
				CLANG_ENABLE_OBJC_WEAK = YES;
				CLANG_WARN_BLOCK_CAPTURE_AUTORELEASING = YES;
				CLANG_WARN_BOOL_CONVERSION = YES;
				CLANG_WARN_COMMA = YES;
				CLANG_WARN_CONSTANT_CONVERSION = YES;
				CLANG_WARN_DEPRECATED_OBJC_IMPLEMENTATIONS = YES;
				CLANG_WARN_DIRECT_OBJC_ISA_USAGE = YES_ERROR;
				CLANG_WARN_DOCUMENTATION_COMMENTS = YES;
				CLANG_WARN_EMPTY_BODY = YES;
				CLANG_WARN_ENUM_CONVERSION = YES;
				CLANG_WARN_INFINITE_RECURSION = YES;
				CLANG_WARN_INT_CONVERSION = YES;
				CLANG_WARN_NON_LITERAL_NULL_CONVERSION = YES;
				CLANG_WARN_OBJC_IMPLICIT_RETAIN_SELF = YES;
				CLANG_WARN_OBJC_LITERAL_CONVERSION = YES;
				CLANG_WARN_OBJC_ROOT_CLASS = YES_ERROR;
				CLANG_WARN_QUOTED_INCLUDE_IN_FRAMEWORK_HEADER = YES;
				CLANG_WARN_RANGE_LOOP_ANALYSIS = YES;
				CLANG_WARN_STRICT_PROTOTYPES = YES;
				CLANG_WARN_SUSPICIOUS_MOVE = YES;
				CLANG_WARN_UNGUARDED_AVAILABILITY = YES_AGGRESSIVE;
				CLANG_WARN_UNREACHABLE_CODE = YES;
				CLANG_WARN__DUPLICATE_METHOD_MATCH = YES;
				COPY_PHASE_STRIP = NO;
				DEBUG_INFORMATION_FORMAT = dwarf;
				ENABLE_STRICT_OBJC_MSGSEND = YES;
				ENABLE_TESTABILITY = YES;
				GCC_C_LANGUAGE_STANDARD = gnu11;
				GCC_DYNAMIC_NO_PIC = NO;
				GCC_NO_COMMON_BLOCKS = YES;
				GCC_OPTIMIZATION_LEVEL = 0;
				GCC_PREPROCESSOR_DEFINITIONS = (
					"DEBUG=1",
					"$(inherited)",
				);
				GCC_WARN_64_TO_32_BIT_CONVERSION = YES;
				GCC_WARN_ABOUT_RETURN_TYPE = YES_ERROR;
				GCC_WARN_UNDECLARED_SELECTOR = YES;
				GCC_WARN_UNINITIALIZED_AUTOS = YES_AGGRESSIVE;
				GCC_WARN_UNUSED_FUNCTION = YES;
				GCC_WARN_UNUSED_VARIABLE = YES;
				IPHONEOS_DEPLOYMENT_TARGET = 16.0;
				MTL_ENABLE_DEBUG_INFO = INCLUDE_SOURCE;
				MTL_FAST_MATH = YES;
				ONLY_ACTIVE_ARCH = YES;
				SDKROOT = iphoneos;
				SWIFT_ACTIVE_COMPILATION_CONDITIONS = DEBUG;
				SWIFT_OPTIMIZATION_LEVEL = "-Onone";
			};
			name = Debug;
		};
		C62380E429E9A12A004B7091 /* Release */ = {
			isa = XCBuildConfiguration;
			buildSettings = {
				ALWAYS_SEARCH_USER_PATHS = NO;
				CLANG_ANALYZER_NONNULL = YES;
				CLANG_ANALYZER_NUMBER_OBJECT_CONVERSION = YES_AGGRESSIVE;
				CLANG_CXX_LANGUAGE_STANDARD = "gnu++20";
				CLANG_ENABLE_MODULES = YES;
				CLANG_ENABLE_OBJC_ARC = YES;
				CLANG_ENABLE_OBJC_WEAK = YES;
				CLANG_WARN_BLOCK_CAPTURE_AUTORELEASING = YES;
				CLANG_WARN_BOOL_CONVERSION = YES;
				CLANG_WARN_COMMA = YES;
				CLANG_WARN_CONSTANT_CONVERSION = YES;
				CLANG_WARN_DEPRECATED_OBJC_IMPLEMENTATIONS = YES;
				CLANG_WARN_DIRECT_OBJC_ISA_USAGE = YES_ERROR;
				CLANG_WARN_DOCUMENTATION_COMMENTS = YES;
				CLANG_WARN_EMPTY_BODY = YES;
				CLANG_WARN_ENUM_CONVERSION = YES;
				CLANG_WARN_INFINITE_RECURSION = YES;
				CLANG_WARN_INT_CONVERSION = YES;
				CLANG_WARN_NON_LITERAL_NULL_CONVERSION = YES;
				CLANG_WARN_OBJC_IMPLICIT_RETAIN_SELF = YES;
				CLANG_WARN_OBJC_LITERAL_CONVERSION = YES;
				CLANG_WARN_OBJC_ROOT_CLASS = YES_ERROR;
				CLANG_WARN_QUOTED_INCLUDE_IN_FRAMEWORK_HEADER = YES;
				CLANG_WARN_RANGE_LOOP_ANALYSIS = YES;
				CLANG_WARN_STRICT_PROTOTYPES = YES;
				CLANG_WARN_SUSPICIOUS_MOVE = YES;
				CLANG_WARN_UNGUARDED_AVAILABILITY = YES_AGGRESSIVE;
				CLANG_WARN_UNREACHABLE_CODE = YES;
				CLANG_WARN__DUPLICATE_METHOD_MATCH = YES;
				COPY_PHASE_STRIP = NO;
				DEBUG_INFORMATION_FORMAT = "dwarf-with-dsym";
				ENABLE_NS_ASSERTIONS = NO;
				ENABLE_STRICT_OBJC_MSGSEND = YES;
				GCC_C_LANGUAGE_STANDARD = gnu11;
				GCC_NO_COMMON_BLOCKS = YES;
				GCC_WARN_64_TO_32_BIT_CONVERSION = YES;
				GCC_WARN_ABOUT_RETURN_TYPE = YES_ERROR;
				GCC_WARN_UNDECLARED_SELECTOR = YES;
				GCC_WARN_UNINITIALIZED_AUTOS = YES_AGGRESSIVE;
				GCC_WARN_UNUSED_FUNCTION = YES;
				GCC_WARN_UNUSED_VARIABLE = YES;
				IPHONEOS_DEPLOYMENT_TARGET = 16.0;
				MTL_ENABLE_DEBUG_INFO = NO;
				MTL_FAST_MATH = YES;
				SDKROOT = iphoneos;
				SWIFT_COMPILATION_MODE = wholemodule;
				SWIFT_OPTIMIZATION_LEVEL = "-O";
				VALIDATE_PRODUCT = YES;
			};
			name = Release;
		};
		C62380E629E9A12A004B7091 /* Debug */ = {
			isa = XCBuildConfiguration;
			baseConfigurationReference = 5BE5A1DD555F22182F643B90 /* Pods-BeerApp.debug.xcconfig */;
			buildSettings = {
				ASSETCATALOG_COMPILER_APPICON_NAME = AppIcon;
				ASSETCATALOG_COMPILER_GLOBAL_ACCENT_COLOR_NAME = AccentColor;
				CODE_SIGN_STYLE = Automatic;
				CURRENT_PROJECT_VERSION = 1;
				DEVELOPMENT_TEAM = 8W5R5KT23H;
				"FRAMEWORK_SEARCH_PATHS[arch=*]" = " \"$(PODS_ROOT)\"";
				GENERATE_INFOPLIST_FILE = YES;
				INFOPLIST_FILE = BeerApp/Info.plist;
				INFOPLIST_KEY_LSApplicationCategoryType = "public.app-category.food-and-drink";
				INFOPLIST_KEY_UIApplicationSupportsIndirectInputEvents = YES;
				INFOPLIST_KEY_UILaunchStoryboardName = LaunchScreen;
				INFOPLIST_KEY_UIMainStoryboardFile = Main;
				INFOPLIST_KEY_UISupportedInterfaceOrientations = UIInterfaceOrientationPortrait;
				INFOPLIST_KEY_UISupportedInterfaceOrientations_iPad = "UIInterfaceOrientationLandscapeLeft UIInterfaceOrientationLandscapeRight UIInterfaceOrientationPortrait UIInterfaceOrientationPortraitUpsideDown";
				IPHONEOS_DEPLOYMENT_TARGET = 15.0;
				LD_RUNPATH_SEARCH_PATHS = (
					"$(inherited)",
					"@executable_path/Frameworks",
				);
				MARKETING_VERSION = 1.0;
				PRODUCT_BUNDLE_IDENTIFIER = com.mikhailGerman.BeerApp;
				PRODUCT_NAME = "$(TARGET_NAME)";
				SUPPORTED_PLATFORMS = "iphoneos iphonesimulator";
				SUPPORTS_MACCATALYST = NO;
				SUPPORTS_MAC_DESIGNED_FOR_IPHONE_IPAD = NO;
				SWIFT_EMIT_LOC_STRINGS = YES;
				SWIFT_VERSION = 5.0;
				TARGETED_DEVICE_FAMILY = 1;
			};
			name = Debug;
		};
		C62380E729E9A12A004B7091 /* Release */ = {
			isa = XCBuildConfiguration;
			baseConfigurationReference = E2DF8C3176C98B6896C12F4B /* Pods-BeerApp.release.xcconfig */;
			buildSettings = {
				ASSETCATALOG_COMPILER_APPICON_NAME = AppIcon;
				ASSETCATALOG_COMPILER_GLOBAL_ACCENT_COLOR_NAME = AccentColor;
				CODE_SIGN_STYLE = Automatic;
				CURRENT_PROJECT_VERSION = 1;
				DEVELOPMENT_TEAM = 8W5R5KT23H;
				"FRAMEWORK_SEARCH_PATHS[arch=*]" = " \"$(PODS_ROOT)\"";
				GENERATE_INFOPLIST_FILE = YES;
				INFOPLIST_FILE = BeerApp/Info.plist;
				INFOPLIST_KEY_LSApplicationCategoryType = "public.app-category.food-and-drink";
				INFOPLIST_KEY_UIApplicationSupportsIndirectInputEvents = YES;
				INFOPLIST_KEY_UILaunchStoryboardName = LaunchScreen;
				INFOPLIST_KEY_UIMainStoryboardFile = Main;
				INFOPLIST_KEY_UISupportedInterfaceOrientations = UIInterfaceOrientationPortrait;
				INFOPLIST_KEY_UISupportedInterfaceOrientations_iPad = "UIInterfaceOrientationLandscapeLeft UIInterfaceOrientationLandscapeRight UIInterfaceOrientationPortrait UIInterfaceOrientationPortraitUpsideDown";
				IPHONEOS_DEPLOYMENT_TARGET = 15.0;
				LD_RUNPATH_SEARCH_PATHS = (
					"$(inherited)",
					"@executable_path/Frameworks",
				);
				MARKETING_VERSION = 1.0;
				PRODUCT_BUNDLE_IDENTIFIER = com.mikhailGerman.BeerApp;
				PRODUCT_NAME = "$(TARGET_NAME)";
				SUPPORTED_PLATFORMS = "iphoneos iphonesimulator";
				SUPPORTS_MACCATALYST = NO;
				SUPPORTS_MAC_DESIGNED_FOR_IPHONE_IPAD = NO;
				SWIFT_EMIT_LOC_STRINGS = YES;
				SWIFT_VERSION = 5.0;
				TARGETED_DEVICE_FAMILY = 1;
			};
			name = Release;
		};
/* End XCBuildConfiguration section */

/* Begin XCConfigurationList section */
		C62380CC29E9A128004B7091 /* Build configuration list for PBXProject "BeerApp" */ = {
			isa = XCConfigurationList;
			buildConfigurations = (
				C62380E329E9A12A004B7091 /* Debug */,
				C62380E429E9A12A004B7091 /* Release */,
			);
			defaultConfigurationIsVisible = 0;
			defaultConfigurationName = Release;
		};
		C62380E529E9A12A004B7091 /* Build configuration list for PBXNativeTarget "BeerApp" */ = {
			isa = XCConfigurationList;
			buildConfigurations = (
				C62380E629E9A12A004B7091 /* Debug */,
				C62380E729E9A12A004B7091 /* Release */,
			);
			defaultConfigurationIsVisible = 0;
			defaultConfigurationName = Release;
		};
/* End XCConfigurationList section */
	};
	rootObject = C62380C929E9A128004B7091 /* Project object */;
}
